// !$*UTF8*$!
{
	archiveVersion = 1;
	classes = {
	};
	objectVersion = 46;
	objects = {

/* Begin PBXBuildFile section */
		A804EEE1194F6D4A00DB14A9 /* ModuloViewController.m in Sources */ = {isa = PBXBuildFile; fileRef = A804EEE0194F6D4A00DB14A9 /* ModuloViewController.m */; };
		A8C3F0A3194B72A400E78899 /* Foundation.framework in Frameworks */ = {isa = PBXBuildFile; fileRef = A8C3F0A2194B72A400E78899 /* Foundation.framework */; };
		A8C3F0A5194B72A400E78899 /* CoreGraphics.framework in Frameworks */ = {isa = PBXBuildFile; fileRef = A8C3F0A4194B72A400E78899 /* CoreGraphics.framework */; };
		A8C3F0A7194B72A400E78899 /* UIKit.framework in Frameworks */ = {isa = PBXBuildFile; fileRef = A8C3F0A6194B72A400E78899 /* UIKit.framework */; };
		A8C3F0AD194B72A400E78899 /* InfoPlist.strings in Resources */ = {isa = PBXBuildFile; fileRef = A8C3F0AB194B72A400E78899 /* InfoPlist.strings */; };
		A8C3F0AF194B72A400E78899 /* main.m in Sources */ = {isa = PBXBuildFile; fileRef = A8C3F0AE194B72A400E78899 /* main.m */; };
		A8C3F0B3194B72A400E78899 /* AppDelegate.m in Sources */ = {isa = PBXBuildFile; fileRef = A8C3F0B2194B72A400E78899 /* AppDelegate.m */; };
		A8C3F0B6194B72A400E78899 /* Main_iPhone.storyboard in Resources */ = {isa = PBXBuildFile; fileRef = A8C3F0B4194B72A400E78899 /* Main_iPhone.storyboard */; };
		A8C3F0B9194B72A400E78899 /* Main_iPad.storyboard in Resources */ = {isa = PBXBuildFile; fileRef = A8C3F0B7194B72A400E78899 /* Main_iPad.storyboard */; };
		A8C3F0BC194B72A400E78899 /* ViewController.m in Sources */ = {isa = PBXBuildFile; fileRef = A8C3F0BB194B72A400E78899 /* ViewController.m */; };
		A8C3F0BE194B72A400E78899 /* Images.xcassets in Resources */ = {isa = PBXBuildFile; fileRef = A8C3F0BD194B72A400E78899 /* Images.xcassets */; };
		A8C3F0C5194B72A400E78899 /* XCTest.framework in Frameworks */ = {isa = PBXBuildFile; fileRef = A8C3F0C4194B72A400E78899 /* XCTest.framework */; };
		A8C3F0C6194B72A400E78899 /* Foundation.framework in Frameworks */ = {isa = PBXBuildFile; fileRef = A8C3F0A2194B72A400E78899 /* Foundation.framework */; };
		A8C3F0C7194B72A400E78899 /* UIKit.framework in Frameworks */ = {isa = PBXBuildFile; fileRef = A8C3F0A6194B72A400E78899 /* UIKit.framework */; };
		A8C3F0CF194B72A400E78899 /* InfoPlist.strings in Resources */ = {isa = PBXBuildFile; fileRef = A8C3F0CD194B72A400E78899 /* InfoPlist.strings */; };
		A8C3F0D1194B72A400E78899 /* MusicandoTests.m in Sources */ = {isa = PBXBuildFile; fileRef = A8C3F0D0194B72A400E78899 /* MusicandoTests.m */; };
		A8C3F0F0194B733500E78899 /* Mascote.m in Sources */ = {isa = PBXBuildFile; fileRef = A8C3F0DB194B733500E78899 /* Mascote.m */; };
		A8C3F0F1194B733500E78899 /* Aula.m in Sources */ = {isa = PBXBuildFile; fileRef = A8C3F0DD194B733500E78899 /* Aula.m */; };
		A8C3F0F2194B733500E78899 /* Biblioteca.m in Sources */ = {isa = PBXBuildFile; fileRef = A8C3F0DF194B733500E78899 /* Biblioteca.m */; };
		A8C3F0F3194B733500E78899 /* Conversa.m in Sources */ = {isa = PBXBuildFile; fileRef = A8C3F0E1194B733500E78899 /* Conversa.m */; };
		A8C3F0F4194B733500E78899 /* Exercicio.m in Sources */ = {isa = PBXBuildFile; fileRef = A8C3F0E3194B733500E78899 /* Exercicio.m */; };
		A8C3F0F5194B733500E78899 /* Fala.m in Sources */ = {isa = PBXBuildFile; fileRef = A8C3F0E5194B733500E78899 /* Fala.m */; };
		A8C3F0F6194B733500E78899 /* GerenciadorDeUsuarios.m in Sources */ = {isa = PBXBuildFile; fileRef = A8C3F0E7194B733500E78899 /* GerenciadorDeUsuarios.m */; };
		A8C3F0F7194B733500E78899 /* Glossario.m in Sources */ = {isa = PBXBuildFile; fileRef = A8C3F0E9194B733500E78899 /* Glossario.m */; };
		A8C3F0F8194B733500E78899 /* Modulo.m in Sources */ = {isa = PBXBuildFile; fileRef = A8C3F0EB194B733500E78899 /* Modulo.m */; };
		A8C3F0F9194B733500E78899 /* Topico.m in Sources */ = {isa = PBXBuildFile; fileRef = A8C3F0ED194B733500E78899 /* Topico.m */; };
		A8C3F0FA194B733500E78899 /* Usuario.m in Sources */ = {isa = PBXBuildFile; fileRef = A8C3F0EF194B733500E78899 /* Usuario.m */; };
/* End PBXBuildFile section */

/* Begin PBXContainerItemProxy section */
		A8C3F0C8194B72A400E78899 /* PBXContainerItemProxy */ = {
			isa = PBXContainerItemProxy;
			containerPortal = A8C3F097194B72A400E78899 /* Project object */;
			proxyType = 1;
			remoteGlobalIDString = A8C3F09E194B72A400E78899;
			remoteInfo = Musicando;
		};
/* End PBXContainerItemProxy section */

/* Begin PBXFileReference section */
		A804EEDF194F6D4A00DB14A9 /* ModuloViewController.h */ = {isa = PBXFileReference; fileEncoding = 4; lastKnownFileType = sourcecode.c.h; path = ModuloViewController.h; sourceTree = "<group>"; };
		A804EEE0194F6D4A00DB14A9 /* ModuloViewController.m */ = {isa = PBXFileReference; fileEncoding = 4; lastKnownFileType = sourcecode.c.objc; path = ModuloViewController.m; sourceTree = "<group>"; };
		A8C3F09F194B72A400E78899 /* Musicando.app */ = {isa = PBXFileReference; explicitFileType = wrapper.application; includeInIndex = 0; path = Musicando.app; sourceTree = BUILT_PRODUCTS_DIR; };
		A8C3F0A2194B72A400E78899 /* Foundation.framework */ = {isa = PBXFileReference; lastKnownFileType = wrapper.framework; name = Foundation.framework; path = System/Library/Frameworks/Foundation.framework; sourceTree = SDKROOT; };
		A8C3F0A4194B72A400E78899 /* CoreGraphics.framework */ = {isa = PBXFileReference; lastKnownFileType = wrapper.framework; name = CoreGraphics.framework; path = System/Library/Frameworks/CoreGraphics.framework; sourceTree = SDKROOT; };
		A8C3F0A6194B72A400E78899 /* UIKit.framework */ = {isa = PBXFileReference; lastKnownFileType = wrapper.framework; name = UIKit.framework; path = System/Library/Frameworks/UIKit.framework; sourceTree = SDKROOT; };
		A8C3F0AA194B72A400E78899 /* Musicando-Info.plist */ = {isa = PBXFileReference; lastKnownFileType = text.plist.xml; path = "Musicando-Info.plist"; sourceTree = "<group>"; };
		A8C3F0AC194B72A400E78899 /* en */ = {isa = PBXFileReference; lastKnownFileType = text.plist.strings; name = en; path = en.lproj/InfoPlist.strings; sourceTree = "<group>"; };
		A8C3F0AE194B72A400E78899 /* main.m */ = {isa = PBXFileReference; lastKnownFileType = sourcecode.c.objc; path = main.m; sourceTree = "<group>"; };
		A8C3F0B0194B72A400E78899 /* Musicando-Prefix.pch */ = {isa = PBXFileReference; lastKnownFileType = sourcecode.c.h; path = "Musicando-Prefix.pch"; sourceTree = "<group>"; };
		A8C3F0B1194B72A400E78899 /* AppDelegate.h */ = {isa = PBXFileReference; lastKnownFileType = sourcecode.c.h; path = AppDelegate.h; sourceTree = "<group>"; };
		A8C3F0B2194B72A400E78899 /* AppDelegate.m */ = {isa = PBXFileReference; lastKnownFileType = sourcecode.c.objc; path = AppDelegate.m; sourceTree = "<group>"; };
		A8C3F0B5194B72A400E78899 /* Base */ = {isa = PBXFileReference; lastKnownFileType = file.storyboard; name = Base; path = Base.lproj/Main_iPhone.storyboard; sourceTree = "<group>"; };
		A8C3F0B8194B72A400E78899 /* Base */ = {isa = PBXFileReference; lastKnownFileType = file.storyboard; name = Base; path = Base.lproj/Main_iPad.storyboard; sourceTree = "<group>"; };
		A8C3F0BA194B72A400E78899 /* ViewController.h */ = {isa = PBXFileReference; lastKnownFileType = sourcecode.c.h; path = ViewController.h; sourceTree = "<group>"; };
		A8C3F0BB194B72A400E78899 /* ViewController.m */ = {isa = PBXFileReference; lastKnownFileType = sourcecode.c.objc; path = ViewController.m; sourceTree = "<group>"; };
		A8C3F0BD194B72A400E78899 /* Images.xcassets */ = {isa = PBXFileReference; lastKnownFileType = folder.assetcatalog; path = Images.xcassets; sourceTree = "<group>"; };
		A8C3F0C3194B72A400E78899 /* MusicandoTests.xctest */ = {isa = PBXFileReference; explicitFileType = wrapper.cfbundle; includeInIndex = 0; path = MusicandoTests.xctest; sourceTree = BUILT_PRODUCTS_DIR; };
		A8C3F0C4194B72A400E78899 /* XCTest.framework */ = {isa = PBXFileReference; lastKnownFileType = wrapper.framework; name = XCTest.framework; path = Library/Frameworks/XCTest.framework; sourceTree = DEVELOPER_DIR; };
		A8C3F0CC194B72A400E78899 /* MusicandoTests-Info.plist */ = {isa = PBXFileReference; lastKnownFileType = text.plist.xml; path = "MusicandoTests-Info.plist"; sourceTree = "<group>"; };
		A8C3F0CE194B72A400E78899 /* en */ = {isa = PBXFileReference; lastKnownFileType = text.plist.strings; name = en; path = en.lproj/InfoPlist.strings; sourceTree = "<group>"; };
		A8C3F0D0194B72A400E78899 /* MusicandoTests.m */ = {isa = PBXFileReference; lastKnownFileType = sourcecode.c.objc; path = MusicandoTests.m; sourceTree = "<group>"; };
		A8C3F0DA194B733500E78899 /* Mascote.h */ = {isa = PBXFileReference; fileEncoding = 4; lastKnownFileType = sourcecode.c.h; name = Mascote.h; path = ../ProjetoFinal/Mascote.h; sourceTree = "<group>"; };
		A8C3F0DB194B733500E78899 /* Mascote.m */ = {isa = PBXFileReference; fileEncoding = 4; lastKnownFileType = sourcecode.c.objc; name = Mascote.m; path = ../ProjetoFinal/Mascote.m; sourceTree = "<group>"; };
		A8C3F0DC194B733500E78899 /* Aula.h */ = {isa = PBXFileReference; fileEncoding = 4; lastKnownFileType = sourcecode.c.h; name = Aula.h; path = ../ProjetoFinal/ProjetoFinal/Aula.h; sourceTree = "<group>"; };
		A8C3F0DD194B733500E78899 /* Aula.m */ = {isa = PBXFileReference; fileEncoding = 4; lastKnownFileType = sourcecode.c.objc; name = Aula.m; path = ../ProjetoFinal/ProjetoFinal/Aula.m; sourceTree = "<group>"; };
		A8C3F0DE194B733500E78899 /* Biblioteca.h */ = {isa = PBXFileReference; fileEncoding = 4; lastKnownFileType = sourcecode.c.h; name = Biblioteca.h; path = ../ProjetoFinal/ProjetoFinal/Biblioteca.h; sourceTree = "<group>"; };
		A8C3F0DF194B733500E78899 /* Biblioteca.m */ = {isa = PBXFileReference; fileEncoding = 4; lastKnownFileType = sourcecode.c.objc; name = Biblioteca.m; path = ../ProjetoFinal/ProjetoFinal/Biblioteca.m; sourceTree = "<group>"; };
		A8C3F0E0194B733500E78899 /* Conversa.h */ = {isa = PBXFileReference; fileEncoding = 4; lastKnownFileType = sourcecode.c.h; name = Conversa.h; path = ../ProjetoFinal/ProjetoFinal/Conversa.h; sourceTree = "<group>"; };
		A8C3F0E1194B733500E78899 /* Conversa.m */ = {isa = PBXFileReference; fileEncoding = 4; lastKnownFileType = sourcecode.c.objc; name = Conversa.m; path = ../ProjetoFinal/ProjetoFinal/Conversa.m; sourceTree = "<group>"; };
		A8C3F0E2194B733500E78899 /* Exercicio.h */ = {isa = PBXFileReference; fileEncoding = 4; lastKnownFileType = sourcecode.c.h; name = Exercicio.h; path = ../ProjetoFinal/ProjetoFinal/Exercicio.h; sourceTree = "<group>"; };
		A8C3F0E3194B733500E78899 /* Exercicio.m */ = {isa = PBXFileReference; fileEncoding = 4; lastKnownFileType = sourcecode.c.objc; name = Exercicio.m; path = ../ProjetoFinal/ProjetoFinal/Exercicio.m; sourceTree = "<group>"; };
		A8C3F0E4194B733500E78899 /* Fala.h */ = {isa = PBXFileReference; fileEncoding = 4; lastKnownFileType = sourcecode.c.h; name = Fala.h; path = ../ProjetoFinal/ProjetoFinal/Fala.h; sourceTree = "<group>"; };
		A8C3F0E5194B733500E78899 /* Fala.m */ = {isa = PBXFileReference; fileEncoding = 4; lastKnownFileType = sourcecode.c.objc; name = Fala.m; path = ../ProjetoFinal/ProjetoFinal/Fala.m; sourceTree = "<group>"; };
		A8C3F0E6194B733500E78899 /* GerenciadorDeUsuarios.h */ = {isa = PBXFileReference; fileEncoding = 4; lastKnownFileType = sourcecode.c.h; name = GerenciadorDeUsuarios.h; path = ../ProjetoFinal/ProjetoFinal/GerenciadorDeUsuarios.h; sourceTree = "<group>"; };
		A8C3F0E7194B733500E78899 /* GerenciadorDeUsuarios.m */ = {isa = PBXFileReference; fileEncoding = 4; lastKnownFileType = sourcecode.c.objc; name = GerenciadorDeUsuarios.m; path = ../ProjetoFinal/ProjetoFinal/GerenciadorDeUsuarios.m; sourceTree = "<group>"; };
		A8C3F0E8194B733500E78899 /* Glossario.h */ = {isa = PBXFileReference; fileEncoding = 4; lastKnownFileType = sourcecode.c.h; name = Glossario.h; path = ../ProjetoFinal/ProjetoFinal/Glossario.h; sourceTree = "<group>"; };
		A8C3F0E9194B733500E78899 /* Glossario.m */ = {isa = PBXFileReference; fileEncoding = 4; lastKnownFileType = sourcecode.c.objc; name = Glossario.m; path = ../ProjetoFinal/ProjetoFinal/Glossario.m; sourceTree = "<group>"; };
		A8C3F0EA194B733500E78899 /* Modulo.h */ = {isa = PBXFileReference; fileEncoding = 4; lastKnownFileType = sourcecode.c.h; name = Modulo.h; path = ../ProjetoFinal/ProjetoFinal/Modulo.h; sourceTree = "<group>"; };
		A8C3F0EB194B733500E78899 /* Modulo.m */ = {isa = PBXFileReference; fileEncoding = 4; lastKnownFileType = sourcecode.c.objc; name = Modulo.m; path = ../ProjetoFinal/ProjetoFinal/Modulo.m; sourceTree = "<group>"; };
		A8C3F0EC194B733500E78899 /* Topico.h */ = {isa = PBXFileReference; fileEncoding = 4; lastKnownFileType = sourcecode.c.h; name = Topico.h; path = ../ProjetoFinal/ProjetoFinal/Topico.h; sourceTree = "<group>"; };
		A8C3F0ED194B733500E78899 /* Topico.m */ = {isa = PBXFileReference; fileEncoding = 4; lastKnownFileType = sourcecode.c.objc; name = Topico.m; path = ../ProjetoFinal/ProjetoFinal/Topico.m; sourceTree = "<group>"; };
		A8C3F0EE194B733500E78899 /* Usuario.h */ = {isa = PBXFileReference; fileEncoding = 4; lastKnownFileType = sourcecode.c.h; name = Usuario.h; path = ../ProjetoFinal/ProjetoFinal/Usuario.h; sourceTree = "<group>"; };
		A8C3F0EF194B733500E78899 /* Usuario.m */ = {isa = PBXFileReference; fileEncoding = 4; lastKnownFileType = sourcecode.c.objc; name = Usuario.m; path = ../ProjetoFinal/ProjetoFinal/Usuario.m; sourceTree = "<group>"; };
/* End PBXFileReference section */

/* Begin PBXFrameworksBuildPhase section */
		A8C3F09C194B72A400E78899 /* Frameworks */ = {
			isa = PBXFrameworksBuildPhase;
			buildActionMask = 2147483647;
			files = (
				A8C3F0A5194B72A400E78899 /* CoreGraphics.framework in Frameworks */,
				A8C3F0A7194B72A400E78899 /* UIKit.framework in Frameworks */,
				A8C3F0A3194B72A400E78899 /* Foundation.framework in Frameworks */,
			);
			runOnlyForDeploymentPostprocessing = 0;
		};
		A8C3F0C0194B72A400E78899 /* Frameworks */ = {
			isa = PBXFrameworksBuildPhase;
			buildActionMask = 2147483647;
			files = (
				A8C3F0C5194B72A400E78899 /* XCTest.framework in Frameworks */,
				A8C3F0C7194B72A400E78899 /* UIKit.framework in Frameworks */,
				A8C3F0C6194B72A400E78899 /* Foundation.framework in Frameworks */,
			);
			runOnlyForDeploymentPostprocessing = 0;
		};
/* End PBXFrameworksBuildPhase section */

/* Begin PBXGroup section */
		A8C3F096194B72A400E78899 = {
			isa = PBXGroup;
			children = (
				A8C3F0A8194B72A400E78899 /* Musicando */,
				A8C3F0CA194B72A400E78899 /* MusicandoTests */,
				A8C3F0A1194B72A400E78899 /* Frameworks */,
				A8C3F0A0194B72A400E78899 /* Products */,
			);
			sourceTree = "<group>";
		};
		A8C3F0A0194B72A400E78899 /* Products */ = {
			isa = PBXGroup;
			children = (
				A8C3F09F194B72A400E78899 /* Musicando.app */,
				A8C3F0C3194B72A400E78899 /* MusicandoTests.xctest */,
			);
			name = Products;
			sourceTree = "<group>";
		};
		A8C3F0A1194B72A400E78899 /* Frameworks */ = {
			isa = PBXGroup;
			children = (
				A8C3F0A2194B72A400E78899 /* Foundation.framework */,
				A8C3F0A4194B72A400E78899 /* CoreGraphics.framework */,
				A8C3F0A6194B72A400E78899 /* UIKit.framework */,
				A8C3F0C4194B72A400E78899 /* XCTest.framework */,
			);
			name = Frameworks;
			sourceTree = "<group>";
		};
		A8C3F0A8194B72A400E78899 /* Musicando */ = {
			isa = PBXGroup;
			children = (
				A8C3F102194B7B2500E78899 /* Controlador */,
				A8C3F0FB194B737D00E78899 /* Base */,
				A8C3F100194B7AE200E78899 /* Delegate */,
				A8C3F101194B7AFB00E78899 /* Storyboard */,
				A8C3F0BD194B72A400E78899 /* Images.xcassets */,
				A8C3F0A9194B72A400E78899 /* Supporting Files */,
			);
			path = Musicando;
			sourceTree = "<group>";
		};
		A8C3F0A9194B72A400E78899 /* Supporting Files */ = {
			isa = PBXGroup;
			children = (
				A8C3F0AA194B72A400E78899 /* Musicando-Info.plist */,
				A8C3F0AB194B72A400E78899 /* InfoPlist.strings */,
				A8C3F0AE194B72A400E78899 /* main.m */,
				A8C3F0B0194B72A400E78899 /* Musicando-Prefix.pch */,
			);
			name = "Supporting Files";
			sourceTree = "<group>";
		};
		A8C3F0CA194B72A400E78899 /* MusicandoTests */ = {
			isa = PBXGroup;
			children = (
				A8C3F0D0194B72A400E78899 /* MusicandoTests.m */,
				A8C3F0CB194B72A400E78899 /* Supporting Files */,
			);
			path = MusicandoTests;
			sourceTree = "<group>";
		};
		A8C3F0CB194B72A400E78899 /* Supporting Files */ = {
			isa = PBXGroup;
			children = (
				A8C3F0CC194B72A400E78899 /* MusicandoTests-Info.plist */,
				A8C3F0CD194B72A400E78899 /* InfoPlist.strings */,
			);
			name = "Supporting Files";
			sourceTree = "<group>";
		};
		A8C3F0FB194B737D00E78899 /* Base */ = {
			isa = PBXGroup;
			children = (
				A8C3F0FF194B760500E78899 /* Usuario */,
				A8C3F0FE194B73E800E78899 /* Mascote */,
				A8C3F0FD194B73C300E78899 /* Glossário */,
				A8C3F0FC194B739800E78899 /* Educacional */,
			);
			name = Base;
			path = ..;
			sourceTree = "<group>";
		};
		A8C3F0FC194B739800E78899 /* Educacional */ = {
			isa = PBXGroup;
			children = (
				A8C3F0DC194B733500E78899 /* Aula.h */,
				A8C3F0DD194B733500E78899 /* Aula.m */,
				A8C3F0DE194B733500E78899 /* Biblioteca.h */,
				A8C3F0DF194B733500E78899 /* Biblioteca.m */,
				A8C3F0E2194B733500E78899 /* Exercicio.h */,
				A8C3F0E3194B733500E78899 /* Exercicio.m */,
				A8C3F0EA194B733500E78899 /* Modulo.h */,
				A8C3F0EB194B733500E78899 /* Modulo.m */,
			);
			name = Educacional;
			sourceTree = "<group>";
		};
		A8C3F0FD194B73C300E78899 /* Glossário */ = {
			isa = PBXGroup;
			children = (
				A8C3F0E8194B733500E78899 /* Glossario.h */,
				A8C3F0E9194B733500E78899 /* Glossario.m */,
				A8C3F0EC194B733500E78899 /* Topico.h */,
				A8C3F0ED194B733500E78899 /* Topico.m */,
			);
			name = "Glossário";
			sourceTree = "<group>";
		};
		A8C3F0FE194B73E800E78899 /* Mascote */ = {
			isa = PBXGroup;
			children = (
				A8C3F0DA194B733500E78899 /* Mascote.h */,
				A8C3F0DB194B733500E78899 /* Mascote.m */,
				A8C3F0E0194B733500E78899 /* Conversa.h */,
				A8C3F0E1194B733500E78899 /* Conversa.m */,
				A8C3F0E4194B733500E78899 /* Fala.h */,
				A8C3F0E5194B733500E78899 /* Fala.m */,
			);
			name = Mascote;
			sourceTree = "<group>";
		};
		A8C3F0FF194B760500E78899 /* Usuario */ = {
			isa = PBXGroup;
			children = (
				A8C3F0E6194B733500E78899 /* GerenciadorDeUsuarios.h */,
				A8C3F0E7194B733500E78899 /* GerenciadorDeUsuarios.m */,
				A8C3F0EE194B733500E78899 /* Usuario.h */,
				A8C3F0EF194B733500E78899 /* Usuario.m */,
			);
			name = Usuario;
			sourceTree = "<group>";
		};
		A8C3F100194B7AE200E78899 /* Delegate */ = {
			isa = PBXGroup;
			children = (
				A8C3F0B1194B72A400E78899 /* AppDelegate.h */,
				A8C3F0B2194B72A400E78899 /* AppDelegate.m */,
			);
			name = Delegate;
			sourceTree = "<group>";
		};
		A8C3F101194B7AFB00E78899 /* Storyboard */ = {
			isa = PBXGroup;
			children = (
				A8C3F0B4194B72A400E78899 /* Main_iPhone.storyboard */,
				A8C3F0B7194B72A400E78899 /* Main_iPad.storyboard */,
			);
			name = Storyboard;
			sourceTree = "<group>";
		};
		A8C3F102194B7B2500E78899 /* Controlador */ = {
			isa = PBXGroup;
			children = (
				A8C3F0BA194B72A400E78899 /* ViewController.h */,
				A8C3F0BB194B72A400E78899 /* ViewController.m */,
				A804EEDF194F6D4A00DB14A9 /* ModuloViewController.h */,
				A804EEE0194F6D4A00DB14A9 /* ModuloViewController.m */,
			);
			name = Controlador;
			sourceTree = "<group>";
		};
/* End PBXGroup section */

/* Begin PBXNativeTarget section */
		A8C3F09E194B72A400E78899 /* Musicando */ = {
			isa = PBXNativeTarget;
			buildConfigurationList = A8C3F0D4194B72A400E78899 /* Build configuration list for PBXNativeTarget "Musicando" */;
			buildPhases = (
				A8C3F09B194B72A400E78899 /* Sources */,
				A8C3F09C194B72A400E78899 /* Frameworks */,
				A8C3F09D194B72A400E78899 /* Resources */,
			);
			buildRules = (
			);
			dependencies = (
			);
			name = Musicando;
			productName = Musicando;
			productReference = A8C3F09F194B72A400E78899 /* Musicando.app */;
			productType = "com.apple.product-type.application";
		};
		A8C3F0C2194B72A400E78899 /* MusicandoTests */ = {
			isa = PBXNativeTarget;
			buildConfigurationList = A8C3F0D7194B72A400E78899 /* Build configuration list for PBXNativeTarget "MusicandoTests" */;
			buildPhases = (
				A8C3F0BF194B72A400E78899 /* Sources */,
				A8C3F0C0194B72A400E78899 /* Frameworks */,
				A8C3F0C1194B72A400E78899 /* Resources */,
			);
			buildRules = (
			);
			dependencies = (
				A8C3F0C9194B72A400E78899 /* PBXTargetDependency */,
			);
			name = MusicandoTests;
			productName = MusicandoTests;
			productReference = A8C3F0C3194B72A400E78899 /* MusicandoTests.xctest */;
			productType = "com.apple.product-type.bundle.unit-test";
		};
/* End PBXNativeTarget section */

/* Begin PBXProject section */
		A8C3F097194B72A400E78899 /* Project object */ = {
			isa = PBXProject;
			attributes = {
				LastUpgradeCheck = 0510;
				ORGANIZATIONNAME = "EMERSON DE SOUZA BARROS";
				TargetAttributes = {
					A8C3F0C2194B72A400E78899 = {
						TestTargetID = A8C3F09E194B72A400E78899;
					};
				};
			};
			buildConfigurationList = A8C3F09A194B72A400E78899 /* Build configuration list for PBXProject "Musicando" */;
			compatibilityVersion = "Xcode 3.2";
			developmentRegion = English;
			hasScannedForEncodings = 0;
			knownRegions = (
				en,
				Base,
			);
			mainGroup = A8C3F096194B72A400E78899;
			productRefGroup = A8C3F0A0194B72A400E78899 /* Products */;
			projectDirPath = "";
			projectRoot = "";
			targets = (
				A8C3F09E194B72A400E78899 /* Musicando */,
				A8C3F0C2194B72A400E78899 /* MusicandoTests */,
			);
		};
/* End PBXProject section */

/* Begin PBXResourcesBuildPhase section */
		A8C3F09D194B72A400E78899 /* Resources */ = {
			isa = PBXResourcesBuildPhase;
			buildActionMask = 2147483647;
			files = (
				A8C3F0B9194B72A400E78899 /* Main_iPad.storyboard in Resources */,
				A8C3F0BE194B72A400E78899 /* Images.xcassets in Resources */,
				A8C3F0B6194B72A400E78899 /* Main_iPhone.storyboard in Resources */,
				A8C3F0AD194B72A400E78899 /* InfoPlist.strings in Resources */,
			);
			runOnlyForDeploymentPostprocessing = 0;
		};
		A8C3F0C1194B72A400E78899 /* Resources */ = {
			isa = PBXResourcesBuildPhase;
			buildActionMask = 2147483647;
			files = (
				A8C3F0CF194B72A400E78899 /* InfoPlist.strings in Resources */,
			);
			runOnlyForDeploymentPostprocessing = 0;
		};
/* End PBXResourcesBuildPhase section */

/* Begin PBXSourcesBuildPhase section */
		A8C3F09B194B72A400E78899 /* Sources */ = {
			isa = PBXSourcesBuildPhase;
			buildActionMask = 2147483647;
			files = (
				A8C3F0F1194B733500E78899 /* Aula.m in Sources */,
				A8C3F0F4194B733500E78899 /* Exercicio.m in Sources */,
				A8C3F0F2194B733500E78899 /* Biblioteca.m in Sources */,
				A8C3F0F6194B733500E78899 /* GerenciadorDeUsuarios.m in Sources */,
				A8C3F0F0194B733500E78899 /* Mascote.m in Sources */,
				A8C3F0F9194B733500E78899 /* Topico.m in Sources */,
				A8C3F0FA194B733500E78899 /* Usuario.m in Sources */,
				A8C3F0BC194B72A400E78899 /* ViewController.m in Sources */,
				A8C3F0F7194B733500E78899 /* Glossario.m in Sources */,
				A8C3F0F5194B733500E78899 /* Fala.m in Sources */,
				A8C3F0F3194B733500E78899 /* Conversa.m in Sources */,
				A804EEE1194F6D4A00DB14A9 /* ModuloViewController.m in Sources */,
				A8C3F0B3194B72A400E78899 /* AppDelegate.m in Sources */,
				A8C3F0AF194B72A400E78899 /* main.m in Sources */,
				A8C3F0F8194B733500E78899 /* Modulo.m in Sources */,
			);
			runOnlyForDeploymentPostprocessing = 0;
		};
		A8C3F0BF194B72A400E78899 /* Sources */ = {
			isa = PBXSourcesBuildPhase;
			buildActionMask = 2147483647;
			files = (
				A8C3F0D1194B72A400E78899 /* MusicandoTests.m in Sources */,
			);
			runOnlyForDeploymentPostprocessing = 0;
		};
/* End PBXSourcesBuildPhase section */

/* Begin PBXTargetDependency section */
		A8C3F0C9194B72A400E78899 /* PBXTargetDependency */ = {
			isa = PBXTargetDependency;
			target = A8C3F09E194B72A400E78899 /* Musicando */;
			targetProxy = A8C3F0C8194B72A400E78899 /* PBXContainerItemProxy */;
		};
/* End PBXTargetDependency section */

/* Begin PBXVariantGroup section */
		A8C3F0AB194B72A400E78899 /* InfoPlist.strings */ = {
			isa = PBXVariantGroup;
			children = (
				A8C3F0AC194B72A400E78899 /* en */,
			);
			name = InfoPlist.strings;
			sourceTree = "<group>";
		};
		A8C3F0B4194B72A400E78899 /* Main_iPhone.storyboard */ = {
			isa = PBXVariantGroup;
			children = (
				A8C3F0B5194B72A400E78899 /* Base */,
			);
			name = Main_iPhone.storyboard;
			sourceTree = "<group>";
		};
		A8C3F0B7194B72A400E78899 /* Main_iPad.storyboard */ = {
			isa = PBXVariantGroup;
			children = (
				A8C3F0B8194B72A400E78899 /* Base */,
			);
			name = Main_iPad.storyboard;
			sourceTree = "<group>";
		};
		A8C3F0CD194B72A400E78899 /* InfoPlist.strings */ = {
			isa = PBXVariantGroup;
			children = (
				A8C3F0CE194B72A400E78899 /* en */,
			);
			name = InfoPlist.strings;
			sourceTree = "<group>";
		};
/* End PBXVariantGroup section */

/* Begin XCBuildConfiguration section */
		A8C3F0D2194B72A400E78899 /* Debug */ = {
			isa = XCBuildConfiguration;
			buildSettings = {
				ALWAYS_SEARCH_USER_PATHS = NO;
				CLANG_CXX_LANGUAGE_STANDARD = "gnu++0x";
				CLANG_CXX_LIBRARY = "libc++";
				CLANG_ENABLE_MODULES = YES;
				CLANG_ENABLE_OBJC_ARC = YES;
				CLANG_WARN_BOOL_CONVERSION = YES;
				CLANG_WARN_CONSTANT_CONVERSION = YES;
				CLANG_WARN_DIRECT_OBJC_ISA_USAGE = YES_ERROR;
				CLANG_WARN_EMPTY_BODY = YES;
				CLANG_WARN_ENUM_CONVERSION = YES;
				CLANG_WARN_INT_CONVERSION = YES;
				CLANG_WARN_OBJC_ROOT_CLASS = YES_ERROR;
				CLANG_WARN__DUPLICATE_METHOD_MATCH = YES;
				"CODE_SIGN_IDENTITY[sdk=iphoneos*]" = "iPhone Developer";
				COPY_PHASE_STRIP = NO;
				GCC_C_LANGUAGE_STANDARD = gnu99;
				GCC_DYNAMIC_NO_PIC = NO;
				GCC_OPTIMIZATION_LEVEL = 0;
				GCC_PREPROCESSOR_DEFINITIONS = (
					"DEBUG=1",
					"$(inherited)",
				);
				GCC_SYMBOLS_PRIVATE_EXTERN = NO;
				GCC_WARN_64_TO_32_BIT_CONVERSION = YES;
				GCC_WARN_ABOUT_RETURN_TYPE = YES_ERROR;
				GCC_WARN_UNDECLARED_SELECTOR = YES;
				GCC_WARN_UNINITIALIZED_AUTOS = YES_AGGRESSIVE;
				GCC_WARN_UNUSED_FUNCTION = YES;
				GCC_WARN_UNUSED_VARIABLE = YES;
				IPHONEOS_DEPLOYMENT_TARGET = 7.1;
				ONLY_ACTIVE_ARCH = YES;
				SDKROOT = iphoneos;
				TARGETED_DEVICE_FAMILY = "1,2";
			};
			name = Debug;
		};
		A8C3F0D3194B72A400E78899 /* Release */ = {
			isa = XCBuildConfiguration;
			buildSettings = {
				ALWAYS_SEARCH_USER_PATHS = NO;
				CLANG_CXX_LANGUAGE_STANDARD = "gnu++0x";
				CLANG_CXX_LIBRARY = "libc++";
				CLANG_ENABLE_MODULES = YES;
				CLANG_ENABLE_OBJC_ARC = YES;
				CLANG_WARN_BOOL_CONVERSION = YES;
				CLANG_WARN_CONSTANT_CONVERSION = YES;
				CLANG_WARN_DIRECT_OBJC_ISA_USAGE = YES_ERROR;
				CLANG_WARN_EMPTY_BODY = YES;
				CLANG_WARN_ENUM_CONVERSION = YES;
				CLANG_WARN_INT_CONVERSION = YES;
				CLANG_WARN_OBJC_ROOT_CLASS = YES_ERROR;
				CLANG_WARN__DUPLICATE_METHOD_MATCH = YES;
				"CODE_SIGN_IDENTITY[sdk=iphoneos*]" = "iPhone Developer";
				COPY_PHASE_STRIP = YES;
				ENABLE_NS_ASSERTIONS = NO;
				GCC_C_LANGUAGE_STANDARD = gnu99;
				GCC_WARN_64_TO_32_BIT_CONVERSION = YES;
				GCC_WARN_ABOUT_RETURN_TYPE = YES_ERROR;
				GCC_WARN_UNDECLARED_SELECTOR = YES;
				GCC_WARN_UNINITIALIZED_AUTOS = YES_AGGRESSIVE;
				GCC_WARN_UNUSED_FUNCTION = YES;
				GCC_WARN_UNUSED_VARIABLE = YES;
				IPHONEOS_DEPLOYMENT_TARGET = 7.1;
				SDKROOT = iphoneos;
				TARGETED_DEVICE_FAMILY = "1,2";
				VALIDATE_PRODUCT = YES;
			};
			name = Release;
		};
		A8C3F0D5194B72A400E78899 /* Debug */ = {
			isa = XCBuildConfiguration;
			buildSettings = {
				ASSETCATALOG_COMPILER_APPICON_NAME = AppIcon;
				ASSETCATALOG_COMPILER_LAUNCHIMAGE_NAME = LaunchImage;
				GCC_PRECOMPILE_PREFIX_HEADER = YES;
				GCC_PREFIX_HEADER = "Musicando/Musicando-Prefix.pch";
				INFOPLIST_FILE = "Musicando/Musicando-Info.plist";
				PRODUCT_NAME = "$(TARGET_NAME)";
				WRAPPER_EXTENSION = app;
			};
			name = Debug;
		};
		A8C3F0D6194B72A400E78899 /* Release */ = {
			isa = XCBuildConfiguration;
			buildSettings = {
				ASSETCATALOG_COMPILER_APPICON_NAME = AppIcon;
				ASSETCATALOG_COMPILER_LAUNCHIMAGE_NAME = LaunchImage;
				GCC_PRECOMPILE_PREFIX_HEADER = YES;
				GCC_PREFIX_HEADER = "Musicando/Musicando-Prefix.pch";
				INFOPLIST_FILE = "Musicando/Musicando-Info.plist";
				PRODUCT_NAME = "$(TARGET_NAME)";
				WRAPPER_EXTENSION = app;
			};
			name = Release;
		};
		A8C3F0D8194B72A400E78899 /* Debug */ = {
			isa = XCBuildConfiguration;
			buildSettings = {
				BUNDLE_LOADER = "$(BUILT_PRODUCTS_DIR)/Musicando.app/Musicando";
				FRAMEWORK_SEARCH_PATHS = (
					"$(SDKROOT)/Developer/Library/Frameworks",
					"$(inherited)",
					"$(DEVELOPER_FRAMEWORKS_DIR)",
				);
				GCC_PRECOMPILE_PREFIX_HEADER = YES;
				GCC_PREFIX_HEADER = "Musicando/Musicando-Prefix.pch";
				GCC_PREPROCESSOR_DEFINITIONS = (
					"DEBUG=1",
					"$(inherited)",
				);
				INFOPLIST_FILE = "MusicandoTests/MusicandoTests-Info.plist";
				PRODUCT_NAME = "$(TARGET_NAME)";
				TEST_HOST = "$(BUNDLE_LOADER)";
				WRAPPER_EXTENSION = xctest;
			};
			name = Debug;
		};
		A8C3F0D9194B72A400E78899 /* Release */ = {
			isa = XCBuildConfiguration;
			buildSettings = {
				BUNDLE_LOADER = "$(BUILT_PRODUCTS_DIR)/Musicando.app/Musicando";
				FRAMEWORK_SEARCH_PATHS = (
					"$(SDKROOT)/Developer/Library/Frameworks",
					"$(inherited)",
					"$(DEVELOPER_FRAMEWORKS_DIR)",
				);
				GCC_PRECOMPILE_PREFIX_HEADER = YES;
				GCC_PREFIX_HEADER = "Musicando/Musicando-Prefix.pch";
				INFOPLIST_FILE = "MusicandoTests/MusicandoTests-Info.plist";
				PRODUCT_NAME = "$(TARGET_NAME)";
				TEST_HOST = "$(BUNDLE_LOADER)";
				WRAPPER_EXTENSION = xctest;
			};
			name = Release;
		};
/* End XCBuildConfiguration section */

/* Begin XCConfigurationList section */
		A8C3F09A194B72A400E78899 /* Build configuration list for PBXProject "Musicando" */ = {
			isa = XCConfigurationList;
			buildConfigurations = (
				A8C3F0D2194B72A400E78899 /* Debug */,
				A8C3F0D3194B72A400E78899 /* Release */,
			);
			defaultConfigurationIsVisible = 0;
			defaultConfigurationName = Release;
		};
		A8C3F0D4194B72A400E78899 /* Build configuration list for PBXNativeTarget "Musicando" */ = {
			isa = XCConfigurationList;
			buildConfigurations = (
				A8C3F0D5194B72A400E78899 /* Debug */,
				A8C3F0D6194B72A400E78899 /* Release */,
			);
			defaultConfigurationIsVisible = 0;
			defaultConfigurationName = Release;
		};
		A8C3F0D7194B72A400E78899 /* Build configuration list for PBXNativeTarget "MusicandoTests" */ = {
			isa = XCConfigurationList;
			buildConfigurations = (
				A8C3F0D8194B72A400E78899 /* Debug */,
				A8C3F0D9194B72A400E78899 /* Release */,
			);
			defaultConfigurationIsVisible = 0;
			defaultConfigurationName = Release;
		};
/* End XCConfigurationList section */
	};
	rootObject = A8C3F097194B72A400E78899 /* Project object */;
}
